
Microsoft Visual Studio Solution File, Format Version 12.00
# Visual Studio Version 17
VisualStudioVersion = 17.5.002.0
MinimumVisualStudioVersion = 10.0.40219.1
Project("{2150E333-8FDC-42A3-9474-1A3956D46DE8}") = "tests", "tests", "{13E27BC6-E63C-413F-9485-D31A7E74A2F7}"
EndProject
Project("{9A19103F-16F7-4668-BE54-9A1E7A4F7556}") = "Application.Tests", "tests\Application.Tests\Application.Tests.csproj", "{9DB015B5-104D-48DB-A781-EE27915C0915}"
EndProject
Project("{9A19103F-16F7-4668-BE54-9A1E7A4F7556}") = "Domain.Tests", "tests\Domain.Tests\Domain.Tests.csproj", "{A18CF4BF-12C7-416A-A129-7E79D8AFEBD4}"
EndProject
Project("{9A19103F-16F7-4668-BE54-9A1E7A4F7556}") = "Infrastructure.Tests", "tests\Infrastructure.Tests\Infrastructure.Tests.csproj", "{0190978C-822A-4D16-BC9D-DF4BD1E025E2}"
EndProject
Project("{9A19103F-16F7-4668-BE54-9A1E7A4F7556}") = "Web.Api.Tests", "tests\Web.Api.Tests\Web.Api.Tests.csproj", "{0A1E307E-1B6D-4375-8826-F08C338D8BC0}"
EndProject
Project("{2150E333-8FDC-42A3-9474-1A3956D46DE8}") = "src", "src", "{3691DD6C-0021-4F12-8298-5CDA71558433}"
EndProject
Project("{9A19103F-16F7-4668-BE54-9A1E7A4F7556}") = "Web.Api", "src\Web.Api\Web.Api.csproj", "{94B3B6D3-7977-4CCA-AB4F-CA8769F26354}"
EndProject
Project("{9A19103F-16F7-4668-BE54-9A1E7A4F7556}") = "Application", "src\Application\Application.csproj", "{E4569684-22F3-49BB-8F1C-67E39363ACD1}"
EndProject
Project("{9A19103F-16F7-4668-BE54-9A1E7A4F7556}") = "Infrastructure", "src\Infrastructure\Infrastructure.csproj", "{7CA27F8B-CC81-464B-A71E-13D3CF6E2C74}"
EndProject
Project("{9A19103F-16F7-4668-BE54-9A1E7A4F7556}") = "Domain", "src\Domain\Domain.csproj", "{78F32821-20F6-4A5F-8A0F-C4370FA5985B}"
EndProject
Global
	GlobalSection(SolutionConfigurationPlatforms) = preSolution
		Debug|Any CPU = Debug|Any CPU
		Release|Any CPU = Release|Any CPU
	EndGlobalSection
	GlobalSection(ProjectConfigurationPlatforms) = postSolution
		{9DB015B5-104D-48DB-A781-EE27915C0915}.Debug|Any CPU.ActiveCfg = Debug|Any CPU
		{9DB015B5-104D-48DB-A781-EE27915C0915}.Debug|Any CPU.Build.0 = Debug|Any CPU
		{9DB015B5-104D-48DB-A781-EE27915C0915}.Release|Any CPU.ActiveCfg = Release|Any CPU
		{9DB015B5-104D-48DB-A781-EE27915C0915}.Release|Any CPU.Build.0 = Release|Any CPU
		{A18CF4BF-12C7-416A-A129-7E79D8AFEBD4}.Debug|Any CPU.ActiveCfg = Debug|Any CPU
		{A18CF4BF-12C7-416A-A129-7E79D8AFEBD4}.Debug|Any CPU.Build.0 = Debug|Any CPU
		{A18CF4BF-12C7-416A-A129-7E79D8AFEBD4}.Release|Any CPU.ActiveCfg = Release|Any CPU
		{A18CF4BF-12C7-416A-A129-7E79D8AFEBD4}.Release|Any CPU.Build.0 = Release|Any CPU
		{0190978C-822A-4D16-BC9D-DF4BD1E025E2}.Debug|Any CPU.ActiveCfg = Debug|Any CPU
		{0190978C-822A-4D16-BC9D-DF4BD1E025E2}.Debug|Any CPU.Build.0 = Debug|Any CPU
		{0190978C-822A-4D16-BC9D-DF4BD1E025E2}.Release|Any CPU.ActiveCfg = Release|Any CPU
		{0190978C-822A-4D16-BC9D-DF4BD1E025E2}.Release|Any CPU.Build.0 = Release|Any CPU
		{0A1E307E-1B6D-4375-8826-F08C338D8BC0}.Debug|Any CPU.ActiveCfg = Debug|Any CPU
		{0A1E307E-1B6D-4375-8826-F08C338D8BC0}.Debug|Any CPU.Build.0 = Debug|Any CPU
		{0A1E307E-1B6D-4375-8826-F08C338D8BC0}.Release|Any CPU.ActiveCfg = Release|Any CPU
		{0A1E307E-1B6D-4375-8826-F08C338D8BC0}.Release|Any CPU.Build.0 = Release|Any CPU
		{94B3B6D3-7977-4CCA-AB4F-CA8769F26354}.Debug|Any CPU.ActiveCfg = Debug|Any CPU
		{94B3B6D3-7977-4CCA-AB4F-CA8769F26354}.Debug|Any CPU.Build.0 = Debug|Any CPU
		{94B3B6D3-7977-4CCA-AB4F-CA8769F26354}.Release|Any CPU.ActiveCfg = Release|Any CPU
		{94B3B6D3-7977-4CCA-AB4F-CA8769F26354}.Release|Any CPU.Build.0 = Release|Any CPU
		{E4569684-22F3-49BB-8F1C-67E39363ACD1}.Debug|Any CPU.ActiveCfg = Debug|Any CPU
		{E4569684-22F3-49BB-8F1C-67E39363ACD1}.Debug|Any CPU.Build.0 = Debug|Any CPU
		{E4569684-22F3-49BB-8F1C-67E39363ACD1}.Release|Any CPU.ActiveCfg = Release|Any CPU
		{E4569684-22F3-49BB-8F1C-67E39363ACD1}.Release|Any CPU.Build.0 = Release|Any CPU
		{7CA27F8B-CC81-464B-A71E-13D3CF6E2C74}.Debug|Any CPU.ActiveCfg = Debug|Any CPU
		{7CA27F8B-CC81-464B-A71E-13D3CF6E2C74}.Debug|Any CPU.Build.0 = Debug|Any CPU
		{7CA27F8B-CC81-464B-A71E-13D3CF6E2C74}.Release|Any CPU.ActiveCfg = Release|Any CPU
		{7CA27F8B-CC81-464B-A71E-13D3CF6E2C74}.Release|Any CPU.Build.0 = Release|Any CPU
		{78F32821-20F6-4A5F-8A0F-C4370FA5985B}.Debug|Any CPU.ActiveCfg = Debug|Any CPU
		{78F32821-20F6-4A5F-8A0F-C4370FA5985B}.Debug|Any CPU.Build.0 = Debug|Any CPU
		{78F32821-20F6-4A5F-8A0F-C4370FA5985B}.Release|Any CPU.ActiveCfg = Release|Any CPU
		{78F32821-20F6-4A5F-8A0F-C4370FA5985B}.Release|Any CPU.Build.0 = Release|Any CPU
	EndGlobalSection
	GlobalSection(SolutionProperties) = preSolution
		HideSolutionNode = FALSE
	EndGlobalSection
	GlobalSection(NestedProjects) = preSolution
		{9DB015B5-104D-48DB-A781-EE27915C0915} = {13E27BC6-E63C-413F-9485-D31A7E74A2F7}
		{A18CF4BF-12C7-416A-A129-7E79D8AFEBD4} = {13E27BC6-E63C-413F-9485-D31A7E74A2F7}
		{0190978C-822A-4D16-BC9D-DF4BD1E025E2} = {13E27BC6-E63C-413F-9485-D31A7E74A2F7}
		{0A1E307E-1B6D-4375-8826-F08C338D8BC0} = {13E27BC6-E63C-413F-9485-D31A7E74A2F7}
		{94B3B6D3-7977-4CCA-AB4F-CA8769F26354} = {3691DD6C-0021-4F12-8298-5CDA71558433}
		{E4569684-22F3-49BB-8F1C-67E39363ACD1} = {3691DD6C-0021-4F12-8298-5CDA71558433}
		{7CA27F8B-CC81-464B-A71E-13D3CF6E2C74} = {3691DD6C-0021-4F12-8298-5CDA71558433}
		{78F32821-20F6-4A5F-8A0F-C4370FA5985B} = {3691DD6C-0021-4F12-8298-5CDA71558433}
	EndGlobalSection
	GlobalSection(ExtensibilityGlobals) = postSolution
		SolutionGuid = {DF1D54D1-94C0-47C1-83A3-C52880DCAC20}
	EndGlobalSection
EndGlobal
